
Microsoft Visual Studio Solution File, Format Version 12.00
# Visual Studio Version 17
VisualStudioVersion = 17.10.34928.147
MinimumVisualStudioVersion = 10.0.40219.1
Project("{FAE04EC0-301F-11D3-BF4B-00C04F79EFBC}") = "Linq01", "Linq01.csproj", "{B59833D6-A7CF-4F54-B504-1BE527E67715}"
EndProject
Project("{FAE04EC0-301F-11D3-BF4B-00C04F79EFBC}") = "LinqDemo", "..\LinqDemo\LinqDemo.csproj", "{FAED08E5-0076-462D-8A31-985678BBC7B4}"
EndProject
Global
	GlobalSection(SolutionConfigurationPlatforms) = preSolution
		Debug|Any CPU = Debug|Any CPU
		Release|Any CPU = Release|Any CPU
	EndGlobalSection
	GlobalSection(ProjectConfigurationPlatforms) = postSolution
		{B59833D6-A7CF-4F54-B504-1BE527E67715}.Debug|Any CPU.ActiveCfg = Debug|Any CPU
		{B59833D6-A7CF-4F54-B504-1BE527E67715}.Debug|Any CPU.Build.0 = Debug|Any CPU
		{B59833D6-A7CF-4F54-B504-1BE527E67715}.Release|Any CPU.ActiveCfg = Release|Any CPU
		{B59833D6-A7CF-4F54-B504-1BE527E67715}.Release|Any CPU.Build.0 = Release|Any CPU
		{FAED08E5-0076-462D-8A31-985678BBC7B4}.Debug|Any CPU.ActiveCfg = Debug|Any CPU
		{FAED08E5-0076-462D-8A31-985678BBC7B4}.Debug|Any CPU.Build.0 = Debug|Any CPU
		{FAED08E5-0076-462D-8A31-985678BBC7B4}.Release|Any CPU.ActiveCfg = Release|Any CPU
		{FAED08E5-0076-462D-8A31-985678BBC7B4}.Release|Any CPU.Build.0 = Release|Any CPU
	EndGlobalSection
	GlobalSection(SolutionProperties) = preSolution
		HideSolutionNode = FALSE
	EndGlobalSection
	GlobalSection(ExtensibilityGlobals) = postSolution
		SolutionGuid = {80AFB092-947B-4025-8EB9-41FE3DFF75DC}
	EndGlobalSection
EndGlobal
